
Microsoft Visual Studio Solution File, Format Version 12.00
# Visual Studio 15
VisualStudioVersion = 15.0.28010.2026
MinimumVisualStudioVersion = 10.0.40219.1
Project("{FAE04EC0-301F-11D3-BF4B-00C04F79EFBC}") = "Icatu.EmployeeManagerAPI", "Icatu.EmployeeManagerAPI\Icatu.EmployeeManagerAPI.csproj", "{20FA000C-84AC-4A1B-8B7A-850652D83CE0}"
EndProject
Project("{FAE04EC0-301F-11D3-BF4B-00C04F79EFBC}") = "Icatu.EmployeeManagerAPI.Tests", "Icatu.EmployeeManagerAPI.Tests\Icatu.EmployeeManagerAPI.Tests.csproj", "{60A1C49F-94F4-402C-BBAF-90FC0EB05A1A}"
EndProject
Global
	GlobalSection(SolutionConfigurationPlatforms) = preSolution
		Debug|Any CPU = Debug|Any CPU
		Release|Any CPU = Release|Any CPU
	EndGlobalSection
	GlobalSection(ProjectConfigurationPlatforms) = postSolution
		{20FA000C-84AC-4A1B-8B7A-850652D83CE0}.Debug|Any CPU.ActiveCfg = Debug|Any CPU
		{20FA000C-84AC-4A1B-8B7A-850652D83CE0}.Debug|Any CPU.Build.0 = Debug|Any CPU
		{20FA000C-84AC-4A1B-8B7A-850652D83CE0}.Release|Any CPU.ActiveCfg = Release|Any CPU
		{20FA000C-84AC-4A1B-8B7A-850652D83CE0}.Release|Any CPU.Build.0 = Release|Any CPU
		{60A1C49F-94F4-402C-BBAF-90FC0EB05A1A}.Debug|Any CPU.ActiveCfg = Debug|Any CPU
		{60A1C49F-94F4-402C-BBAF-90FC0EB05A1A}.Debug|Any CPU.Build.0 = Debug|Any CPU
		{60A1C49F-94F4-402C-BBAF-90FC0EB05A1A}.Release|Any CPU.ActiveCfg = Release|Any CPU
		{60A1C49F-94F4-402C-BBAF-90FC0EB05A1A}.Release|Any CPU.Build.0 = Release|Any CPU
	EndGlobalSection
	GlobalSection(SolutionProperties) = preSolution
		HideSolutionNode = FALSE
	EndGlobalSection
	GlobalSection(ExtensibilityGlobals) = postSolution
		SolutionGuid = {3E0CC23B-E731-4BEC-8C12-FCA30566C648}
	EndGlobalSection
EndGlobal
